lockfileVersion: '9.0'

settings:
  autoInstallPeers: true
  excludeLinksFromLockfile: false

importers:

  .:
    devDependencies:
      '@biomejs/biome':
        specifier: 2.4.16
        version: 2.4.16
      turbo:
        specifier: ^2.9.15
        version: 2.9.15

packages:

  '@biomejs/biome@2.4.16':
    resolution: {integrity: sha512-x9ajFh1zChVybCiM3TN6OD4phAqLgtPZjFrZF+aTMYCPjwBO+k529TX7PPsAqtGNLeV4UgzwQnowEgS7bGmzcA==}
    engines: {node: '>=14.21.3'}
    hasBin: true

  '@biomejs/cli-darwin-arm64@2.4.16':
    resolution: {integrity: sha512-wxPvu4XOA85YJk9ixSWUmq/QBHbid85BISbOAqqBM/5xQpPk9ayjk5375tOlSC0BeCwNSbPFafQBm+vBumXq0A==}
    engines: {node: '>=14.21.3'}
    cpu: [arm64]
    os: [darwin]

  '@biomejs/cli-darwin-x64@2.4.16':
    resolution: {integrity: sha512-xFCqGPwYusQJp4N4NJLi1XJiZqjwFdjhT+KqtNy+Ug3qgfczqnTa6MSDvxJF6TkuDLoYJItMapz6tAf7kCekFw==}
    engines: {node: '>=14.21.3'}
    cpu: [x64]
    os: [darwin]

  '@biomejs/cli-linux-arm64-musl@2.4.16':
    resolution: {integrity: sha512-oYxnW0ARfJkr72ezzF2OR8N/rtkgLUQeYtF8cFhVswbknHxtTcmzSsanVJP8yQKnGpGpc2ck6c5zLvHahL6Cbg==}
    engines: {node: '>=14.21.3'}
    cpu: [arm64]
    os: [linux]

  '@biomejs/cli-linux-arm64@2.4.16':
    resolution: {integrity: sha512-2kFb4//jxfZaP6D+Rj5VkHkxgyD9EoRAVBEQb8PKRv+s4NO2zYNJKXFaJmK1CmhufJOWEfpHKaRbOja7qjmdhQ==}
    engines: {node: '>=14.21.3'}
    cpu: [arm64]
    os: [linux]

  '@biomejs/cli-linux-x64-musl@2.4.16':
    resolution: {integrity: sha512-iHDS+MCM65DPqWGu+ECC3uoALyj2H7F4nVUPxIPjz/PIl94EUu+EDfGZDzFP+NY1EOPVt9NQvwFqq7HdMmowdg==}
    engines: {node: '>=14.21.3'}
    cpu: [x64]
    os: [linux]

  '@biomejs/cli-linux-x64@2.4.16':
    resolution: {integrity: sha512-NbcBbi/nJqn5baae6wqRXdS7Gadf2uRpehSh6vMSYpG8OhkXl/Xg8aorWrJ+9VWqAT5ml90alLvorkpMW0nBwQ==}
    engines: {node: '>=14.21.3'}
    cpu: [x64]
    os: [linux]

  '@biomejs/cli-win32-arm64@2.4.16':
    resolution: {integrity: sha512-0rgImMsNb5v/chhkIFe3wu7PEFClS6RBAYUijGL9UsYN3PanSaoK24HSSuSJb1pYbYYVjzAyZTl3gtjJ84BM8A==}
    engines: {node: '>=14.21.3'}
    cpu: [arm64]
    os: [win32]

  '@biomejs/cli-win32-x64@2.4.16':
    resolution: {integrity: sha512-Kp85jgoBHa05gix6UIRjfCDiUV3w/8VIdZ247VyyO2gEjaw12WEVhdIjlxp/AMzXxqxQwbxNTDVZ3Mwd2RG5rw==}
    engines: {node: '>=14.21.3'}
    cpu: [x64]
    os: [win32]

  '@turbo/darwin-64@2.9.15':
    resolution: {integrity: sha512-nnDo9R1Df+s2x6jxlERtbg7xRpuicf8p4J2krcnjeaMBt3q9V41pGXa4t9YM2Y4ozozsVJ+CH405CJUrWIQK4Q==}
    cpu: [x64]
    os: [darwin]

  '@turbo/darwin-arm64@2.9.15':
    resolution: {integrity: sha512-fDSx56oqoFuS+yUQw7hqjQTkjrSLdMcplhuLC8HcSkWC6YrpwEmUUYsPYHPxy4ALvLxnmPQuk6XoSD8tdkjP+g==}
    cpu: [arm64]
    os: [darwin]

  '@turbo/linux-64@2.9.15':
    resolution: {integrity: sha512-/bmxn+x/xE+oh0VzEXt/zf2zsORAYZPrL3db5/VrXzYt0Z4wxcvffwJBGlSfla2smfS1BLGBiyWldJlWDXJVXA==}
    cpu: [x64]
    os: [linux]

  '@turbo/linux-arm64@2.9.15':
    resolution: {integrity: sha512-cbOaDe1ijz5As+mimOOHgmRMolZZZO7miNBHHp5xdiYMm2Q/Dwu1JVLx/Kw4s7xjocG/oEoHrpHrxpEAIEfNiw==}
    cpu: [arm64]
    os: [linux]

  '@turbo/windows-64@2.9.15':
    resolution: {integrity: sha512-/Fzm7afui7uK7dFBwrTXKuDhBBTiHk5I+hMVAPMR7cqQyDo2norCNUsN9PdNuYcmzYbhSOxzz498wQYvSAz29w==}
    cpu: [x64]
    os: [win32]

  '@turbo/windows-arm64@2.9.15':
    resolution: {integrity: sha512-fOHEsLcqVdFXLw2ApWv4gxwfHzkUnpo9rHGml+9+dyHj148m/Bc+556kEvb5+4u6prI1LMd8zEZE2HcO6Jn2VQ==}
    cpu: [arm64]
    os: [win32]

  turbo@2.9.15:
    resolution: {integrity: sha512-VpKvD9Z0Hu/xrGUAYX1wnhfpqv835wIwGqeKfulvBPTOcDap0E3nFwyzCAVV85fB1sBcBDEfTP+7FSW7GzwWSQ==}
    hasBin: true

snapshots:

  '@biomejs/biome@2.4.16':
    optionalDependencies:
      '@biomejs/cli-darwin-arm64': 2.4.16
      '@biomejs/cli-darwin-x64': 2.4.16
      '@biomejs/cli-linux-arm64': 2.4.16
      '@biomejs/cli-linux-arm64-musl': 2.4.16
      '@biomejs/cli-linux-x64': 2.4.16
      '@biomejs/cli-linux-x64-musl': 2.4.16
      '@biomejs/cli-win32-arm64': 2.4.16
      '@biomejs/cli-win32-x64': 2.4.16

  '@biomejs/cli-darwin-arm64@2.4.16':
    optional: true

  '@biomejs/cli-darwin-x64@2.4.16':
    optional: true

  '@biomejs/cli-linux-arm64-musl@2.4.16':
    optional: true

  '@biomejs/cli-linux-arm64@2.4.16':
    optional: true

  '@biomejs/cli-linux-x64-musl@2.4.16':
    optional: true

  '@biomejs/cli-linux-x64@2.4.16':
    optional: true

  '@biomejs/cli-win32-arm64@2.4.16':
    optional: true

  '@biomejs/cli-win32-x64@2.4.16':
    optional: true

  '@turbo/darwin-64@2.9.15':
    optional: true

  '@turbo/darwin-arm64@2.9.15':
    optional: true

  '@turbo/linux-64@2.9.15':
    optional: true

  '@turbo/linux-arm64@2.9.15':
    optional: true

  '@turbo/windows-64@2.9.15':
    optional: true

  '@turbo/windows-arm64@2.9.15':
    optional: true

  turbo@2.9.15:
    optionalDependencies:
      '@turbo/darwin-64': 2.9.15
      '@turbo/darwin-arm64': 2.9.15
      '@turbo/linux-64': 2.9.15
      '@turbo/linux-arm64': 2.9.15
      '@turbo/windows-64': 2.9.15
      '@turbo/windows-arm64': 2.9.15
